
Microsoft Visual Studio Solution File, Format Version 12.00
# Visual Studio Version 17
VisualStudioVersion = 17.11.35312.102
MinimumVisualStudioVersion = 10.0.40219.1
Project("{9A19103F-16F7-4668-BE54-9A1E7A4F7556}") = "PlatformDemoWeb", "PlatformDemoWeb\PlatformDemoWeb.csproj", "{BA847404-3A50-4B37-96B6-FF10226A9C11}"
EndProject
Project("{9A19103F-16F7-4668-BE54-9A1E7A4F7556}") = "PlatformDemoDB", "PlatformDemoDB\PlatformDemoDB.csproj", "{90DE1AF7-E538-4422-90A5-685953FCED3D}"
EndProject
Global
	GlobalSection(SolutionConfigurationPlatforms) = preSolution
		Debug|Any CPU = Debug|Any CPU
		Release|Any CPU = Release|Any CPU
	EndGlobalSection
	GlobalSection(ProjectConfigurationPlatforms) = postSolution
		{BA847404-3A50-4B37-96B6-FF10226A9C11}.Debug|Any CPU.ActiveCfg = Debug|Any CPU
		{BA847404-3A50-4B37-96B6-FF10226A9C11}.Debug|Any CPU.Build.0 = Debug|Any CPU
		{BA847404-3A50-4B37-96B6-FF10226A9C11}.Release|Any CPU.ActiveCfg = Release|Any CPU
		{BA847404-3A50-4B37-96B6-FF10226A9C11}.Release|Any CPU.Build.0 = Release|Any CPU
		{90DE1AF7-E538-4422-90A5-685953FCED3D}.Debug|Any CPU.ActiveCfg = Debug|Any CPU
		{90DE1AF7-E538-4422-90A5-685953FCED3D}.Debug|Any CPU.Build.0 = Debug|Any CPU
		{90DE1AF7-E538-4422-90A5-685953FCED3D}.Release|Any CPU.ActiveCfg = Release|Any CPU
		{90DE1AF7-E538-4422-90A5-685953FCED3D}.Release|Any CPU.Build.0 = Release|Any CPU
	EndGlobalSection
	GlobalSection(SolutionProperties) = preSolution
		HideSolutionNode = FALSE
	EndGlobalSection
	GlobalSection(ExtensibilityGlobals) = postSolution
		SolutionGuid = {693814A4-115E-4C98-A71E-53947FFB5D98}
	EndGlobalSection
EndGlobal
